// !$*UTF8*$!
{
	archiveVersion = 1;
	classes = {
	};
	objectVersion = 46;
	objects = {

/* Begin PBXBuildFile section */
		7B969F4A1F713F0B00CC8DA5 /* AppDelegate.swift in Sources */ = {isa = PBXBuildFile; fileRef = 7B969F491F713F0B00CC8DA5 /* AppDelegate.swift */; };
		7B969F4C1F713F0B00CC8DA5 /* SearchViewController.swift in Sources */ = {isa = PBXBuildFile; fileRef = 7B969F4B1F713F0B00CC8DA5 /* SearchViewController.swift */; };
		7B969F4F1F713F0B00CC8DA5 /* Main.storyboard in Resources */ = {isa = PBXBuildFile; fileRef = 7B969F4D1F713F0B00CC8DA5 /* Main.storyboard */; };
		7B969F511F713F0B00CC8DA5 /* Assets.xcassets in Resources */ = {isa = PBXBuildFile; fileRef = 7B969F501F713F0B00CC8DA5 /* Assets.xcassets */; };
		7B969F541F713F0B00CC8DA5 /* LaunchScreen.storyboard in Resources */ = {isa = PBXBuildFile; fileRef = 7B969F521F713F0B00CC8DA5 /* LaunchScreen.storyboard */; };
		7B969F5F1F713F0C00CC8DA5 /* Recepies_xDesignTests.swift in Sources */ = {isa = PBXBuildFile; fileRef = 7B969F5E1F713F0C00CC8DA5 /* Recepies_xDesignTests.swift */; };
		7B969F6A1F713F0C00CC8DA5 /* Recepies_xDesignUITests.swift in Sources */ = {isa = PBXBuildFile; fileRef = 7B969F691F713F0C00CC8DA5 /* Recepies_xDesignUITests.swift */; };
		7B969F781F71402100CC8DA5 /* RecepieTableViewCell.swift in Sources */ = {isa = PBXBuildFile; fileRef = 7B969F771F71402100CC8DA5 /* RecepieTableViewCell.swift */; };
		7B969F7A1F7140BA00CC8DA5 /* Constants.swift in Sources */ = {isa = PBXBuildFile; fileRef = 7B969F791F7140BA00CC8DA5 /* Constants.swift */; };
		7B969F7C1F71412100CC8DA5 /* NetworkManager.swift in Sources */ = {isa = PBXBuildFile; fileRef = 7B969F7B1F71412100CC8DA5 /* NetworkManager.swift */; };
		7B969F7E1F71428900CC8DA5 /* Recepie.swift in Sources */ = {isa = PBXBuildFile; fileRef = 7B969F7D1F71428900CC8DA5 /* Recepie.swift */; };
		7B969F801F71502300CC8DA5 /* RecepieMapper.swift in Sources */ = {isa = PBXBuildFile; fileRef = 7B969F7F1F71502300CC8DA5 /* RecepieMapper.swift */; };
		7B969F821F71713600CC8DA5 /* DetailViewController.swift in Sources */ = {isa = PBXBuildFile; fileRef = 7B969F811F71713600CC8DA5 /* DetailViewController.swift */; };
		7B969F841F71744700CC8DA5 /* NavController.swift in Sources */ = {isa = PBXBuildFile; fileRef = 7B969F831F71744700CC8DA5 /* NavController.swift */; };
/* End PBXBuildFile section */

/* Begin PBXContainerItemProxy section */
		7B969F5B1F713F0C00CC8DA5 /* PBXContainerItemProxy */ = {
			isa = PBXContainerItemProxy;
			containerPortal = 7B969F3E1F713F0B00CC8DA5 /* Project object */;
			proxyType = 1;
			remoteGlobalIDString = 7B969F451F713F0B00CC8DA5;
			remoteInfo = Recepies_xDesign;
		};
		7B969F661F713F0C00CC8DA5 /* PBXContainerItemProxy */ = {
			isa = PBXContainerItemProxy;
			containerPortal = 7B969F3E1F713F0B00CC8DA5 /* Project object */;
			proxyType = 1;
			remoteGlobalIDString = 7B969F451F713F0B00CC8DA5;
			remoteInfo = Recepies_xDesign;
		};
/* End PBXContainerItemProxy section */

/* Begin PBXFileReference section */
		7B969F461F713F0B00CC8DA5 /* Recepies_xDesign.app */ = {isa = PBXFileReference; explicitFileType = wrapper.application; includeInIndex = 0; path = Recepies_xDesign.app; sourceTree = BUILT_PRODUCTS_DIR; };
		7B969F491F713F0B00CC8DA5 /* AppDelegate.swift */ = {isa = PBXFileReference; lastKnownFileType = sourcecode.swift; path = AppDelegate.swift; sourceTree = "<group>"; };
		7B969F4B1F713F0B00CC8DA5 /* SearchViewController.swift */ = {isa = PBXFileReference; lastKnownFileType = sourcecode.swift; path = SearchViewController.swift; sourceTree = "<group>"; };
		7B969F4E1F713F0B00CC8DA5 /* Base */ = {isa = PBXFileReference; lastKnownFileType = file.storyboard; name = Base; path = Base.lproj/Main.storyboard; sourceTree = "<group>"; };
		7B969F501F713F0B00CC8DA5 /* Assets.xcassets */ = {isa = PBXFileReference; lastKnownFileType = folder.assetcatalog; path = Assets.xcassets; sourceTree = "<group>"; };
		7B969F531F713F0B00CC8DA5 /* Base */ = {isa = PBXFileReference; lastKnownFileType = file.storyboard; name = Base; path = Base.lproj/LaunchScreen.storyboard; sourceTree = "<group>"; };
		7B969F551F713F0B00CC8DA5 /* Info.plist */ = {isa = PBXFileReference; lastKnownFileType = text.plist.xml; path = Info.plist; sourceTree = "<group>"; };
		7B969F5A1F713F0C00CC8DA5 /* Recepies_xDesignTests.xctest */ = {isa = PBXFileReference; explicitFileType = wrapper.cfbundle; includeInIndex = 0; path = Recepies_xDesignTests.xctest; sourceTree = BUILT_PRODUCTS_DIR; };
		7B969F5E1F713F0C00CC8DA5 /* Recepies_xDesignTests.swift */ = {isa = PBXFileReference; lastKnownFileType = sourcecode.swift; path = Recepies_xDesignTests.swift; sourceTree = "<group>"; };
		7B969F601F713F0C00CC8DA5 /* Info.plist */ = {isa = PBXFileReference; lastKnownFileType = text.plist.xml; path = Info.plist; sourceTree = "<group>"; };
		7B969F651F713F0C00CC8DA5 /* Recepies_xDesignUITests.xctest */ = {isa = PBXFileReference; explicitFileType = wrapper.cfbundle; includeInIndex = 0; path = Recepies_xDesignUITests.xctest; sourceTree = BUILT_PRODUCTS_DIR; };
		7B969F691F713F0C00CC8DA5 /* Recepies_xDesignUITests.swift */ = {isa = PBXFileReference; lastKnownFileType = sourcecode.swift; path = Recepies_xDesignUITests.swift; sourceTree = "<group>"; };
		7B969F6B1F713F0C00CC8DA5 /* Info.plist */ = {isa = PBXFileReference; lastKnownFileType = text.plist.xml; path = Info.plist; sourceTree = "<group>"; };
		7B969F771F71402100CC8DA5 /* RecepieTableViewCell.swift */ = {isa = PBXFileReference; fileEncoding = 4; lastKnownFileType = sourcecode.swift; path = RecepieTableViewCell.swift; sourceTree = "<group>"; };
		7B969F791F7140BA00CC8DA5 /* Constants.swift */ = {isa = PBXFileReference; fileEncoding = 4; lastKnownFileType = sourcecode.swift; path = Constants.swift; sourceTree = "<group>"; };
		7B969F7B1F71412100CC8DA5 /* NetworkManager.swift */ = {isa = PBXFileReference; fileEncoding = 4; lastKnownFileType = sourcecode.swift; path = NetworkManager.swift; sourceTree = "<group>"; };
		7B969F7D1F71428900CC8DA5 /* Recepie.swift */ = {isa = PBXFileReference; fileEncoding = 4; lastKnownFileType = sourcecode.swift; path = Recepie.swift; sourceTree = "<group>"; };
		7B969F7F1F71502300CC8DA5 /* RecepieMapper.swift */ = {isa = PBXFileReference; fileEncoding = 4; lastKnownFileType = sourcecode.swift; path = RecepieMapper.swift; sourceTree = "<group>"; };
		7B969F811F71713600CC8DA5 /* DetailViewController.swift */ = {isa = PBXFileReference; fileEncoding = 4; lastKnownFileType = sourcecode.swift; path = DetailViewController.swift; sourceTree = "<group>"; };
		7B969F831F71744700CC8DA5 /* NavController.swift */ = {isa = PBXFileReference; fileEncoding = 4; lastKnownFileType = sourcecode.swift; path = NavController.swift; sourceTree = "<group>"; };
/* End PBXFileReference section */

/* Begin PBXFrameworksBuildPhase section */
		7B969F431F713F0B00CC8DA5 /* Frameworks */ = {
			isa = PBXFrameworksBuildPhase;
			buildActionMask = 2147483647;
			files = (
			);
			runOnlyForDeploymentPostprocessing = 0;
		};
		7B969F571F713F0C00CC8DA5 /* Frameworks */ = {
			isa = PBXFrameworksBuildPhase;
			buildActionMask = 2147483647;
			files = (
			);
			runOnlyForDeploymentPostprocessing = 0;
		};
		7B969F621F713F0C00CC8DA5 /* Frameworks */ = {
			isa = PBXFrameworksBuildPhase;
			buildActionMask = 2147483647;
			files = (
			);
			runOnlyForDeploymentPostprocessing = 0;
		};
/* End PBXFrameworksBuildPhase section */

/* Begin PBXGroup section */
		7B969F3D1F713F0B00CC8DA5 = {
			isa = PBXGroup;
			children = (
				7B969F481F713F0B00CC8DA5 /* Recepies_xDesign */,
				7B969F5D1F713F0C00CC8DA5 /* Recepies_xDesignTests */,
				7B969F681F713F0C00CC8DA5 /* Recepies_xDesignUITests */,
				7B969F471F713F0B00CC8DA5 /* Products */,
			);
			sourceTree = "<group>";
		};
		7B969F471F713F0B00CC8DA5 /* Products */ = {
			isa = PBXGroup;
			children = (
				7B969F461F713F0B00CC8DA5 /* Recepies_xDesign.app */,
				7B969F5A1F713F0C00CC8DA5 /* Recepies_xDesignTests.xctest */,
				7B969F651F713F0C00CC8DA5 /* Recepies_xDesignUITests.xctest */,
			);
			name = Products;
			sourceTree = "<group>";
		};
		7B969F481F713F0B00CC8DA5 /* Recepies_xDesign */ = {
			isa = PBXGroup;
			children = (
				7B969F491F713F0B00CC8DA5 /* AppDelegate.swift */,
				7B969F4D1F713F0B00CC8DA5 /* Main.storyboard */,
				7B969F871F71EAD700CC8DA5 /* Controllers */,
				7B969F891F71EB0A00CC8DA5 /* Helpers */,
				7B969F881F71EAF700CC8DA5 /* Custom classes */,
				7B969F861F71EACA00CC8DA5 /* Misc */,
				7B969F851F71EAB500CC8DA5 /* Cells */,
			);
			path = Recepies_xDesign;
			sourceTree = "<group>";
		};
		7B969F5D1F713F0C00CC8DA5 /* Recepies_xDesignTests */ = {
			isa = PBXGroup;
			children = (
				7B969F5E1F713F0C00CC8DA5 /* Recepies_xDesignTests.swift */,
				7B969F601F713F0C00CC8DA5 /* Info.plist */,
			);
			path = Recepies_xDesignTests;
			sourceTree = "<group>";
		};
		7B969F681F713F0C00CC8DA5 /* Recepies_xDesignUITests */ = {
			isa = PBXGroup;
			children = (
				7B969F691F713F0C00CC8DA5 /* Recepies_xDesignUITests.swift */,
				7B969F6B1F713F0C00CC8DA5 /* Info.plist */,
			);
			path = Recepies_xDesignUITests;
			sourceTree = "<group>";
		};
		7B969F851F71EAB500CC8DA5 /* Cells */ = {
			isa = PBXGroup;
			children = (
				7B969F771F71402100CC8DA5 /* RecepieTableViewCell.swift */,
			);
			name = Cells;
			sourceTree = "<group>";
		};
		7B969F861F71EACA00CC8DA5 /* Misc */ = {
			isa = PBXGroup;
			children = (
				7B969F501F713F0B00CC8DA5 /* Assets.xcassets */,
				7B969F521F713F0B00CC8DA5 /* LaunchScreen.storyboard */,
				7B969F551F713F0B00CC8DA5 /* Info.plist */,
			);
			name = Misc;
			sourceTree = "<group>";
		};
		7B969F871F71EAD700CC8DA5 /* Controllers */ = {
			isa = PBXGroup;
			children = (
				7B969F4B1F713F0B00CC8DA5 /* SearchViewController.swift */,
				7B969F811F71713600CC8DA5 /* DetailViewController.swift */,
			);
			name = Controllers;
			sourceTree = "<group>";
		};
		7B969F881F71EAF700CC8DA5 /* Custom classes */ = {
			isa = PBXGroup;
			children = (
				7B969F831F71744700CC8DA5 /* NavController.swift */,
				7B969F7D1F71428900CC8DA5 /* Recepie.swift */,
			);
			name = "Custom classes";
			sourceTree = "<group>";
		};
		7B969F891F71EB0A00CC8DA5 /* Helpers */ = {
			isa = PBXGroup;
			children = (
				7B969F791F7140BA00CC8DA5 /* Constants.swift */,
				7B969F7F1F71502300CC8DA5 /* RecepieMapper.swift */,
				7B969F7B1F71412100CC8DA5 /* NetworkManager.swift */,
			);
			name = Helpers;
			sourceTree = "<group>";
		};
/* End PBXGroup section */

/* Begin PBXNativeTarget section */
		7B969F451F713F0B00CC8DA5 /* Recepies_xDesign */ = {
			isa = PBXNativeTarget;
			buildConfigurationList = 7B969F6E1F713F0C00CC8DA5 /* Build configuration list for PBXNativeTarget "Recepies_xDesign" */;
			buildPhases = (
				7B969F421F713F0B00CC8DA5 /* Sources */,
				7B969F431F713F0B00CC8DA5 /* Frameworks */,
				7B969F441F713F0B00CC8DA5 /* Resources */,
			);
			buildRules = (
			);
			dependencies = (
			);
			name = Recepies_xDesign;
			productName = Recepies_xDesign;
			productReference = 7B969F461F713F0B00CC8DA5 /* Recepies_xDesign.app */;
			productType = "com.apple.product-type.application";
		};
		7B969F591F713F0C00CC8DA5 /* Recepies_xDesignTests */ = {
			isa = PBXNativeTarget;
			buildConfigurationList = 7B969F711F713F0C00CC8DA5 /* Build configuration list for PBXNativeTarget "Recepies_xDesignTests" */;
			buildPhases = (
				7B969F561F713F0C00CC8DA5 /* Sources */,
				7B969F571F713F0C00CC8DA5 /* Frameworks */,
				7B969F581F713F0C00CC8DA5 /* Resources */,
			);
			buildRules = (
			);
			dependencies = (
				7B969F5C1F713F0C00CC8DA5 /* PBXTargetDependency */,
			);
			name = Recepies_xDesignTests;
			productName = Recepies_xDesignTests;
			productReference = 7B969F5A1F713F0C00CC8DA5 /* Recepies_xDesignTests.xctest */;
			productType = "com.apple.product-type.bundle.unit-test";
		};
		7B969F641F713F0C00CC8DA5 /* Recepies_xDesignUITests */ = {
			isa = PBXNativeTarget;
			buildConfigurationList = 7B969F741F713F0C00CC8DA5 /* Build configuration list for PBXNativeTarget "Recepies_xDesignUITests" */;
			buildPhases = (
				7B969F611F713F0C00CC8DA5 /* Sources */,
				7B969F621F713F0C00CC8DA5 /* Frameworks */,
				7B969F631F713F0C00CC8DA5 /* Resources */,
			);
			buildRules = (
			);
			dependencies = (
				7B969F671F713F0C00CC8DA5 /* PBXTargetDependency */,
			);
			name = Recepies_xDesignUITests;
			productName = Recepies_xDesignUITests;
			productReference = 7B969F651F713F0C00CC8DA5 /* Recepies_xDesignUITests.xctest */;
			productType = "com.apple.product-type.bundle.ui-testing";
		};
/* End PBXNativeTarget section */

/* Begin PBXProject section */
		7B969F3E1F713F0B00CC8DA5 /* Project object */ = {
			isa = PBXProject;
			attributes = {
				LastSwiftUpdateCheck = 0830;
				LastUpgradeCheck = 0830;
				ORGANIZATIONNAME = "Daniel Hjärtström";
				TargetAttributes = {
					7B969F451F713F0B00CC8DA5 = {
						CreatedOnToolsVersion = 8.3.3;
						DevelopmentTeam = 6ZL797GF7H;
						ProvisioningStyle = Automatic;
					};
					7B969F591F713F0C00CC8DA5 = {
						CreatedOnToolsVersion = 8.3.3;
						DevelopmentTeam = 6ZL797GF7H;
						ProvisioningStyle = Automatic;
						TestTargetID = 7B969F451F713F0B00CC8DA5;
					};
					7B969F641F713F0C00CC8DA5 = {
						CreatedOnToolsVersion = 8.3.3;
						DevelopmentTeam = 6ZL797GF7H;
						ProvisioningStyle = Automatic;
						TestTargetID = 7B969F451F713F0B00CC8DA5;
					};
				};
			};
			buildConfigurationList = 7B969F411F713F0B00CC8DA5 /* Build configuration list for PBXProject "Recepies_xDesign" */;
			compatibilityVersion = "Xcode 3.2";
			developmentRegion = English;
			hasScannedForEncodings = 0;
			knownRegions = (
				en,
				Base,
			);
			mainGroup = 7B969F3D1F713F0B00CC8DA5;
			productRefGroup = 7B969F471F713F0B00CC8DA5 /* Products */;
			projectDirPath = "";
			projectRoot = "";
			targets = (
				7B969F451F713F0B00CC8DA5 /* Recepies_xDesign */,
				7B969F591F713F0C00CC8DA5 /* Recepies_xDesignTests */,
				7B969F641F713F0C00CC8DA5 /* Recepies_xDesignUITests */,
			);
		};
/* End PBXProject section */

/* Begin PBXResourcesBuildPhase section */
		7B969F441F713F0B00CC8DA5 /* Resources */ = {
			isa = PBXResourcesBuildPhase;
			buildActionMask = 2147483647;
			files = (
				7B969F541F713F0B00CC8DA5 /* LaunchScreen.storyboard in Resources */,
				7B969F511F713F0B00CC8DA5 /* Assets.xcassets in Resources */,
				7B969F4F1F713F0B00CC8DA5 /* Main.storyboard in Resources */,
			);
			runOnlyForDeploymentPostprocessing = 0;
		};
		7B969F581F713F0C00CC8DA5 /* Resources */ = {
			isa = PBXResourcesBuildPhase;
			buildActionMask = 2147483647;
			files = (
			);
			runOnlyForDeploymentPostprocessing = 0;
		};
		7B969F631F713F0C00CC8DA5 /* Resources */ = {
			isa = PBXResourcesBuildPhase;
			buildActionMask = 2147483647;
			files = (
			);
			runOnlyForDeploymentPostprocessing = 0;
		};
/* End PBXResourcesBuildPhase section */

/* Begin PBXSourcesBuildPhase section */
		7B969F421F713F0B00CC8DA5 /* Sources */ = {
			isa = PBXSourcesBuildPhase;
			buildActionMask = 2147483647;
			files = (
				7B969F4C1F713F0B00CC8DA5 /* SearchViewController.swift in Sources */,
				7B969F781F71402100CC8DA5 /* RecepieTableViewCell.swift in Sources */,
				7B969F7C1F71412100CC8DA5 /* NetworkManager.swift in Sources */,
				7B969F7E1F71428900CC8DA5 /* Recepie.swift in Sources */,
				7B969F4A1F713F0B00CC8DA5 /* AppDelegate.swift in Sources */,
				7B969F841F71744700CC8DA5 /* NavController.swift in Sources */,
				7B969F7A1F7140BA00CC8DA5 /* Constants.swift in Sources */,
				7B969F801F71502300CC8DA5 /* RecepieMapper.swift in Sources */,
				7B969F821F71713600CC8DA5 /* DetailViewController.swift in Sources */,
			);
			runOnlyForDeploymentPostprocessing = 0;
		};
		7B969F561F713F0C00CC8DA5 /* Sources */ = {
			isa = PBXSourcesBuildPhase;
			buildActionMask = 2147483647;
			files = (
				7B969F5F1F713F0C00CC8DA5 /* Recepies_xDesignTests.swift in Sources */,
			);
			runOnlyForDeploymentPostprocessing = 0;
		};
		7B969F611F713F0C00CC8DA5 /* Sources */ = {
			isa = PBXSourcesBuildPhase;
			buildActionMask = 2147483647;
			files = (
				7B969F6A1F713F0C00CC8DA5 /* Recepies_xDesignUITests.swift in Sources */,
			);
			runOnlyForDeploymentPostprocessing = 0;
		};
/* End PBXSourcesBuildPhase section */

/* Begin PBXTargetDependency section */
		7B969F5C1F713F0C00CC8DA5 /* PBXTargetDependency */ = {
			isa = PBXTargetDependency;
			target = 7B969F451F713F0B00CC8DA5 /* Recepies_xDesign */;
			targetProxy = 7B969F5B1F713F0C00CC8DA5 /* PBXContainerItemProxy */;
		};
		7B969F671F713F0C00CC8DA5 /* PBXTargetDependency */ = {
			isa = PBXTargetDependency;
			target = 7B969F451F713F0B00CC8DA5 /* Recepies_xDesign */;
			targetProxy = 7B969F661F713F0C00CC8DA5 /* PBXContainerItemProxy */;
		};
/* End PBXTargetDependency section */

/* Begin PBXVariantGroup section */
		7B969F4D1F713F0B00CC8DA5 /* Main.storyboard */ = {
			isa = PBXVariantGroup;
			children = (
				7B969F4E1F713F0B00CC8DA5 /* Base */,
			);
			name = Main.storyboard;
			sourceTree = "<group>";
		};
		7B969F521F713F0B00CC8DA5 /* LaunchScreen.storyboard */ = {
			isa = PBXVariantGroup;
			children = (
				7B969F531F713F0B00CC8DA5 /* Base */,
			);
			name = LaunchScreen.storyboard;
			sourceTree = "<group>";
		};
/* End PBXVariantGroup section */

/* Begin XCBuildConfiguration section */
		7B969F6C1F713F0C00CC8DA5 /* Debug */ = {
			isa = XCBuildConfiguration;
			buildSettings = {
				ALWAYS_SEARCH_USER_PATHS = NO;
				CLANG_ANALYZER_NONNULL = YES;
				CLANG_ANALYZER_NUMBER_OBJECT_CONVERSION = YES_AGGRESSIVE;
				CLANG_CXX_LANGUAGE_STANDARD = "gnu++0x";
				CLANG_CXX_LIBRARY = "libc++";
				CLANG_ENABLE_MODULES = YES;
				CLANG_ENABLE_OBJC_ARC = YES;
				CLANG_WARN_BOOL_CONVERSION = YES;
				CLANG_WARN_CONSTANT_CONVERSION = YES;
				CLANG_WARN_DIRECT_OBJC_ISA_USAGE = YES_ERROR;
				CLANG_WARN_DOCUMENTATION_COMMENTS = YES;
				CLANG_WARN_EMPTY_BODY = YES;
				CLANG_WARN_ENUM_CONVERSION = YES;
				CLANG_WARN_INFINITE_RECURSION = YES;
				CLANG_WARN_INT_CONVERSION = YES;
				CLANG_WARN_OBJC_ROOT_CLASS = YES_ERROR;
				CLANG_WARN_SUSPICIOUS_MOVE = YES;
				CLANG_WARN_UNREACHABLE_CODE = YES;
				CLANG_WARN__DUPLICATE_METHOD_MATCH = YES;
				"CODE_SIGN_IDENTITY[sdk=iphoneos*]" = "iPhone Developer";
				COPY_PHASE_STRIP = NO;
				DEBUG_INFORMATION_FORMAT = dwarf;
				ENABLE_STRICT_OBJC_MSGSEND = YES;
				ENABLE_TESTABILITY = YES;
				GCC_C_LANGUAGE_STANDARD = gnu99;
				GCC_DYNAMIC_NO_PIC = NO;
				GCC_NO_COMMON_BLOCKS = YES;
				GCC_OPTIMIZATION_LEVEL = 0;
				GCC_PREPROCESSOR_DEFINITIONS = (
					"DEBUG=1",
					"$(inherited)",
				);
				GCC_WARN_64_TO_32_BIT_CONVERSION = YES;
				GCC_WARN_ABOUT_RETURN_TYPE = YES_ERROR;
				GCC_WARN_UNDECLARED_SELECTOR = YES;
				GCC_WARN_UNINITIALIZED_AUTOS = YES_AGGRESSIVE;
				GCC_WARN_UNUSED_FUNCTION = YES;
				GCC_WARN_UNUSED_VARIABLE = YES;
				IPHONEOS_DEPLOYMENT_TARGET = 10.3;
				MTL_ENABLE_DEBUG_INFO = YES;
				ONLY_ACTIVE_ARCH = YES;
				SDKROOT = iphoneos;
				SWIFT_ACTIVE_COMPILATION_CONDITIONS = DEBUG;
				SWIFT_OPTIMIZATION_LEVEL = "-Onone";
				TARGETED_DEVICE_FAMILY = "1,2";
			};
			name = Debug;
		};
		7B969F6D1F713F0C00CC8DA5 /* Release */ = {
			isa = XCBuildConfiguration;
			buildSettings = {
				ALWAYS_SEARCH_USER_PATHS = NO;
				CLANG_ANALYZER_NONNULL = YES;
				CLANG_ANALYZER_NUMBER_OBJECT_CONVERSION = YES_AGGRESSIVE;
				CLANG_CXX_LANGUAGE_STANDARD = "gnu++0x";
				CLANG_CXX_LIBRARY = "libc++";
				CLANG_ENABLE_MODULES = YES;
				CLANG_ENABLE_OBJC_ARC = YES;
				CLANG_WARN_BOOL_CONVERSION = YES;
				CLANG_WARN_CONSTANT_CONVERSION = YES;
				CLANG_WARN_DIRECT_OBJC_ISA_USAGE = YES_ERROR;
				CLANG_WARN_DOCUMENTATION_COMMENTS = YES;
				CLANG_WARN_EMPTY_BODY = YES;
				CLANG_WARN_ENUM_CONVERSION = YES;
				CLANG_WARN_INFINITE_RECURSION = YES;
				CLANG_WARN_INT_CONVERSION = YES;
				CLANG_WARN_OBJC_ROOT_CLASS = YES_ERROR;
				CLANG_WARN_SUSPICIOUS_MOVE = YES;
				CLANG_WARN_UNREACHABLE_CODE = YES;
				CLANG_WARN__DUPLICATE_METHOD_MATCH = YES;
				"CODE_SIGN_IDENTITY[sdk=iphoneos*]" = "iPhone Developer";
				COPY_PHASE_STRIP = NO;
				DEBUG_INFORMATION_FORMAT = "dwarf-with-dsym";
				ENABLE_NS_ASSERTIONS = NO;
				ENABLE_STRICT_OBJC_MSGSEND = YES;
				GCC_C_LANGUAGE_STANDARD = gnu99;
				GCC_NO_COMMON_BLOCKS = YES;
				GCC_WARN_64_TO_32_BIT_CONVERSION = YES;
				GCC_WARN_ABOUT_RETURN_TYPE = YES_ERROR;
				GCC_WARN_UNDECLARED_SELECTOR = YES;
				GCC_WARN_UNINITIALIZED_AUTOS = YES_AGGRESSIVE;
				GCC_WARN_UNUSED_FUNCTION = YES;
				GCC_WARN_UNUSED_VARIABLE = YES;
				IPHONEOS_DEPLOYMENT_TARGET = 10.3;
				MTL_ENABLE_DEBUG_INFO = NO;
				SDKROOT = iphoneos;
				SWIFT_OPTIMIZATION_LEVEL = "-Owholemodule";
				TARGETED_DEVICE_FAMILY = "1,2";
				VALIDATE_PRODUCT = YES;
			};
			name = Release;
		};
		7B969F6F1F713F0C00CC8DA5 /* Debug */ = {
			isa = XCBuildConfiguration;
			buildSettings = {
				ASSETCATALOG_COMPILER_APPICON_NAME = AppIcon;
				DEVELOPMENT_TEAM = 6ZL797GF7H;
				INFOPLIST_FILE = Recepies_xDesign/Info.plist;
				LD_RUNPATH_SEARCH_PATHS = "$(inherited) @executable_path/Frameworks";
				PRODUCT_BUNDLE_IDENTIFIER = "com.danielhjartstrom.Recepies-xDesign";
				PRODUCT_NAME = "$(TARGET_NAME)";
				SWIFT_VERSION = 3.0;
			};
			name = Debug;
		};
		7B969F701F713F0C00CC8DA5 /* Release */ = {
			isa = XCBuildConfiguration;
			buildSettings = {
				ASSETCATALOG_COMPILER_APPICON_NAME = AppIcon;
				DEVELOPMENT_TEAM = 6ZL797GF7H;
				INFOPLIST_FILE = Recepies_xDesign/Info.plist;
				LD_RUNPATH_SEARCH_PATHS = "$(inherited) @executable_path/Frameworks";
				PRODUCT_BUNDLE_IDENTIFIER = "com.danielhjartstrom.Recepies-xDesign";
				PRODUCT_NAME = "$(TARGET_NAME)";
				SWIFT_VERSION = 3.0;
			};
			name = Release;
		};
		7B969F721F713F0C00CC8DA5 /* Debug */ = {
			isa = XCBuildConfiguration;
			buildSettings = {
				ALWAYS_EMBED_SWIFT_STANDARD_LIBRARIES = YES;
				BUNDLE_LOADER = "$(TEST_HOST)";
				DEVELOPMENT_TEAM = 6ZL797GF7H;
				INFOPLIST_FILE = Recepies_xDesignTests/Info.plist;
				LD_RUNPATH_SEARCH_PATHS = "$(inherited) @executable_path/Frameworks @loader_path/Frameworks";
				PRODUCT_BUNDLE_IDENTIFIER = "com.danielhjartstrom.Recepies-xDesignTests";
				PRODUCT_NAME = "$(TARGET_NAME)";
				SWIFT_VERSION = 3.0;
				TEST_HOST = "$(BUILT_PRODUCTS_DIR)/Recepies_xDesign.app/Recepies_xDesign";
			};
			name = Debug;
		};
		7B969F731F713F0C00CC8DA5 /* Release */ = {
			isa = XCBuildConfiguration;
			buildSettings = {
				ALWAYS_EMBED_SWIFT_STANDARD_LIBRARIES = YES;
				BUNDLE_LOADER = "$(TEST_HOST)";
				DEVELOPMENT_TEAM = 6ZL797GF7H;
				INFOPLIST_FILE = Recepies_xDesignTests/Info.plist;
				LD_RUNPATH_SEARCH_PATHS = "$(inherited) @executable_path/Frameworks @loader_path/Frameworks";
				PRODUCT_BUNDLE_IDENTIFIER = "com.danielhjartstrom.Recepies-xDesignTests";
				PRODUCT_NAME = "$(TARGET_NAME)";
				SWIFT_VERSION = 3.0;
				TEST_HOST = "$(BUILT_PRODUCTS_DIR)/Recepies_xDesign.app/Recepies_xDesign";
			};
			name = Release;
		};
		7B969F751F713F0C00CC8DA5 /* Debug */ = {
			isa = XCBuildConfiguration;
			buildSettings = {
				ALWAYS_EMBED_SWIFT_STANDARD_LIBRARIES = YES;
				DEVELOPMENT_TEAM = 6ZL797GF7H;
				INFOPLIST_FILE = Recepies_xDesignUITests/Info.plist;
				LD_RUNPATH_SEARCH_PATHS = "$(inherited) @executable_path/Frameworks @loader_path/Frameworks";
				PRODUCT_BUNDLE_IDENTIFIER = "com.danielhjartstrom.Recepies-xDesignUITests";
				PRODUCT_NAME = "$(TARGET_NAME)";
				SWIFT_VERSION = 3.0;
				TEST_TARGET_NAME = Recepies_xDesign;
			};
			name = Debug;
		};
		7B969F761F713F0C00CC8DA5 /* Release */ = {
			isa = XCBuildConfiguration;
			buildSettings = {
				ALWAYS_EMBED_SWIFT_STANDARD_LIBRARIES = YES;
				DEVELOPMENT_TEAM = 6ZL797GF7H;
				INFOPLIST_FILE = Recepies_xDesignUITests/Info.plist;
				LD_RUNPATH_SEARCH_PATHS = "$(inherited) @executable_path/Frameworks @loader_path/Frameworks";
				PRODUCT_BUNDLE_IDENTIFIER = "com.danielhjartstrom.Recepies-xDesignUITests";
				PRODUCT_NAME = "$(TARGET_NAME)";
				SWIFT_VERSION = 3.0;
				TEST_TARGET_NAME = Recepies_xDesign;
			};
			name = Release;
		};
/* End XCBuildConfiguration section */

/* Begin XCConfigurationList section */
		7B969F411F713F0B00CC8DA5 /* Build configuration list for PBXProject "Recepies_xDesign" */ = {
			isa = XCConfigurationList;
			buildConfigurations = (
				7B969F6C1F713F0C00CC8DA5 /* Debug */,
				7B969F6D1F713F0C00CC8DA5 /* Release */,
			);
			defaultConfigurationIsVisible = 0;
			defaultConfigurationName = Release;
		};
		7B969F6E1F713F0C00CC8DA5 /* Build configuration list for PBXNativeTarget "Recepies_xDesign" */ = {
			isa = XCConfigurationList;
			buildConfigurations = (
				7B969F6F1F713F0C00CC8DA5 /* Debug */,
				7B969F701F713F0C00CC8DA5 /* Release */,
			);
			defaultConfigurationIsVisible = 0;
		};
		7B969F711F713F0C00CC8DA5 /* Build configuration list for PBXNativeTarget "Recepies_xDesignTests" */ = {
			isa = XCConfigurationList;
			buildConfigurations = (
				7B969F721F713F0C00CC8DA5 /* Debug */,
				7B969F731F713F0C00CC8DA5 /* Release */,
			);
			defaultConfigurationIsVisible = 0;
		};
		7B969F741F713F0C00CC8DA5 /* Build configuration list for PBXNativeTarget "Recepies_xDesignUITests" */ = {
			isa = XCConfigurationList;
			buildConfigurations = (
				7B969F751F713F0C00CC8DA5 /* Debug */,
				7B969F761F713F0C00CC8DA5 /* Release */,
			);
			defaultConfigurationIsVisible = 0;
		};
/* End XCConfigurationList section */
	};
	rootObject = 7B969F3E1F713F0B00CC8DA5 /* Project object */;
}
